
Microsoft Visual Studio Solution File, Format Version 12.00
# Visual Studio Version 17
VisualStudioVersion = 17.14.35806.103 d17.14
MinimumVisualStudioVersion = 10.0.40219.1
Project("{FAE04EC0-301F-11D3-BF4B-00C04F79EFBC}") = "modul6_103022300046", "modul6_103022300046.csproj", "{42F023DE-17FF-4990-AA8A-23F276C81DE6}"
EndProject
Global
	GlobalSection(SolutionConfigurationPlatforms) = preSolution
		Debug|Any CPU = Debug|Any CPU
		Release|Any CPU = Release|Any CPU
	EndGlobalSection
	GlobalSection(ProjectConfigurationPlatforms) = postSolution
		{42F023DE-17FF-4990-AA8A-23F276C81DE6}.Debug|Any CPU.ActiveCfg = Debug|Any CPU
		{42F023DE-17FF-4990-AA8A-23F276C81DE6}.Debug|Any CPU.Build.0 = Debug|Any CPU
		{42F023DE-17FF-4990-AA8A-23F276C81DE6}.Release|Any CPU.ActiveCfg = Release|Any CPU
		{42F023DE-17FF-4990-AA8A-23F276C81DE6}.Release|Any CPU.Build.0 = Release|Any CPU
	EndGlobalSection
	GlobalSection(SolutionProperties) = preSolution
		HideSolutionNode = FALSE
	EndGlobalSection
	GlobalSection(ExtensibilityGlobals) = postSolution
		SolutionGuid = {1A5D1D2E-BC26-4690-B8EE-07FC2709A518}
	EndGlobalSection
EndGlobal
